
Microsoft Visual Studio Solution File, Format Version 12.00
# Visual Studio Version 17
VisualStudioVersion = 17.14.36408.4 d17.14
MinimumVisualStudioVersion = 10.0.40219.1
Project("{54A90642-561A-4BB1-A94E-469ADEE60C69}") = "purchase.client", "purchase.client\purchase.client.esproj", "{13417456-C64B-3500-AD50-0550BAF21CE1}"
EndProject
Project("{FAE04EC0-301F-11D3-BF4B-00C04F79EFBC}") = "Purchase.Server", "Purchase.Server\Purchase.Server.csproj", "{2C047C91-74E0-4451-B93A-3ADC4D30E412}"
EndProject
Global
	GlobalSection(SolutionConfigurationPlatforms) = preSolution
		Debug|Any CPU = Debug|Any CPU
		Release|Any CPU = Release|Any CPU
	EndGlobalSection
	GlobalSection(ProjectConfigurationPlatforms) = postSolution
		{13417456-C64B-3500-AD50-0550BAF21CE1}.Debug|Any CPU.ActiveCfg = Debug|Any CPU
		{13417456-C64B-3500-AD50-0550BAF21CE1}.Debug|Any CPU.Build.0 = Debug|Any CPU
		{13417456-C64B-3500-AD50-0550BAF21CE1}.Debug|Any CPU.Deploy.0 = Debug|Any CPU
		{13417456-C64B-3500-AD50-0550BAF21CE1}.Release|Any CPU.ActiveCfg = Release|Any CPU
		{13417456-C64B-3500-AD50-0550BAF21CE1}.Release|Any CPU.Build.0 = Release|Any CPU
		{13417456-C64B-3500-AD50-0550BAF21CE1}.Release|Any CPU.Deploy.0 = Release|Any CPU
		{2C047C91-74E0-4451-B93A-3ADC4D30E412}.Debug|Any CPU.ActiveCfg = Debug|Any CPU
		{2C047C91-74E0-4451-B93A-3ADC4D30E412}.Debug|Any CPU.Build.0 = Debug|Any CPU
		{2C047C91-74E0-4451-B93A-3ADC4D30E412}.Release|Any CPU.ActiveCfg = Release|Any CPU
		{2C047C91-74E0-4451-B93A-3ADC4D30E412}.Release|Any CPU.Build.0 = Release|Any CPU
	EndGlobalSection
	GlobalSection(SolutionProperties) = preSolution
		HideSolutionNode = FALSE
	EndGlobalSection
	GlobalSection(ExtensibilityGlobals) = postSolution
		SolutionGuid = {90EB64F9-ECEE-4545-A6FA-04ADB70153CC}
	EndGlobalSection
EndGlobal
